// !$*UTF8*$!
{
	archiveVersion = 1;
	classes = {
	};
	objectVersion = 51;
	objects = {

/* Begin PBXBuildFile section */
		497BEF07267674B8002046A9 /* Snap.swift in Sources */ = {isa = PBXBuildFile; fileRef = 497BEF06267674B8002046A9 /* Snap.swift */; };
		497BEF0926768135002046A9 /* VerSnapViewController.swift in Sources */ = {isa = PBXBuildFile; fileRef = 497BEF0826768135002046A9 /* VerSnapViewController.swift */; };
		49C23BA826683C4B006A368A /* SnapsViewController.swift in Sources */ = {isa = PBXBuildFile; fileRef = 49C23BA726683C4B006A368A /* SnapsViewController.swift */; };
		49C23BAA26684D4F006A368A /* ImagenViewController.swift in Sources */ = {isa = PBXBuildFile; fileRef = 49C23BA926684D4F006A368A /* ImagenViewController.swift */; };
		49D70BA8266FC91B009CAA8C /* registroUsuarioViewController.swift in Sources */ = {isa = PBXBuildFile; fileRef = 49D70BA7266FC91B009CAA8C /* registroUsuarioViewController.swift */; };
		49EAF963266DBACA00B7D582 /* ElegirUsuarioViewController.swift in Sources */ = {isa = PBXBuildFile; fileRef = 49EAF962266DBACA00B7D582 /* ElegirUsuarioViewController.swift */; };
		49F99A88266EB00B00FAD52A /* Usuario.swift in Sources */ = {isa = PBXBuildFile; fileRef = 49F99A87266EB00B00FAD52A /* Usuario.swift */; };
		750251E4266440B60005EB5F /* GoogleService-Info.plist in Resources */ = {isa = PBXBuildFile; fileRef = 750251E3266440B60005EB5F /* GoogleService-Info.plist */; };
		7520936026633C1F00062982 /* AppDelegate.swift in Sources */ = {isa = PBXBuildFile; fileRef = 7520935F26633C1F00062982 /* AppDelegate.swift */; };
		7520936226633C1F00062982 /* SceneDelegate.swift in Sources */ = {isa = PBXBuildFile; fileRef = 7520936126633C1F00062982 /* SceneDelegate.swift */; };
		7520936426633C1F00062982 /* iniciarSesionViewController.swift in Sources */ = {isa = PBXBuildFile; fileRef = 7520936326633C1F00062982 /* iniciarSesionViewController.swift */; };
		7520936726633C2000062982 /* Main.storyboard in Resources */ = {isa = PBXBuildFile; fileRef = 7520936526633C2000062982 /* Main.storyboard */; };
		7520936A26633C2000062982 /* Snapchat.xcdatamodeld in Sources */ = {isa = PBXBuildFile; fileRef = 7520936826633C2000062982 /* Snapchat.xcdatamodeld */; };
		7520936C26633C2E00062982 /* Assets.xcassets in Resources */ = {isa = PBXBuildFile; fileRef = 7520936B26633C2E00062982 /* Assets.xcassets */; };
		7520936F26633C2E00062982 /* LaunchScreen.storyboard in Resources */ = {isa = PBXBuildFile; fileRef = 7520936D26633C2E00062982 /* LaunchScreen.storyboard */; };
		FC5BAE470B939104099CF448 /* Pods_Snapchat.framework in Frameworks */ = {isa = PBXBuildFile; fileRef = C531941AA19FB8E8DE61D49A /* Pods_Snapchat.framework */; };
/* End PBXBuildFile section */

/* Begin PBXFileReference section */
		497BEF06267674B8002046A9 /* Snap.swift */ = {isa = PBXFileReference; lastKnownFileType = sourcecode.swift; path = Snap.swift; sourceTree = "<group>"; };
		497BEF0826768135002046A9 /* VerSnapViewController.swift */ = {isa = PBXFileReference; lastKnownFileType = sourcecode.swift; path = VerSnapViewController.swift; sourceTree = "<group>"; };
		49C23BA526683940006A368A /* SnapchatDebug.entitlements */ = {isa = PBXFileReference; lastKnownFileType = text.plist.entitlements; path = SnapchatDebug.entitlements; sourceTree = "<group>"; };
		49C23BA626683951006A368A /* Snapchat.entitlements */ = {isa = PBXFileReference; lastKnownFileType = text.plist.entitlements; path = Snapchat.entitlements; sourceTree = "<group>"; };
		49C23BA726683C4B006A368A /* SnapsViewController.swift */ = {isa = PBXFileReference; lastKnownFileType = sourcecode.swift; path = SnapsViewController.swift; sourceTree = "<group>"; };
		49C23BA926684D4F006A368A /* ImagenViewController.swift */ = {isa = PBXFileReference; lastKnownFileType = sourcecode.swift; path = ImagenViewController.swift; sourceTree = "<group>"; };
		49D70BA7266FC91B009CAA8C /* registroUsuarioViewController.swift */ = {isa = PBXFileReference; lastKnownFileType = sourcecode.swift; path = registroUsuarioViewController.swift; sourceTree = "<group>"; };
		49EAF962266DBACA00B7D582 /* ElegirUsuarioViewController.swift */ = {isa = PBXFileReference; lastKnownFileType = sourcecode.swift; path = ElegirUsuarioViewController.swift; sourceTree = "<group>"; };
		49F99A87266EB00B00FAD52A /* Usuario.swift */ = {isa = PBXFileReference; lastKnownFileType = sourcecode.swift; path = Usuario.swift; sourceTree = "<group>"; };
		4EE049A7CF47002DBFBB6F65 /* Pods-Snapchat.release.xcconfig */ = {isa = PBXFileReference; includeInIndex = 1; lastKnownFileType = text.xcconfig; name = "Pods-Snapchat.release.xcconfig"; path = "Target Support Files/Pods-Snapchat/Pods-Snapchat.release.xcconfig"; sourceTree = "<group>"; };
		750251E3266440B60005EB5F /* GoogleService-Info.plist */ = {isa = PBXFileReference; fileEncoding = 4; lastKnownFileType = text.plist.xml; path = "GoogleService-Info.plist"; sourceTree = "<group>"; };
		7520935C26633C1F00062982 /* Snapchat.app */ = {isa = PBXFileReference; explicitFileType = wrapper.application; includeInIndex = 0; path = Snapchat.app; sourceTree = BUILT_PRODUCTS_DIR; };
		7520935F26633C1F00062982 /* AppDelegate.swift */ = {isa = PBXFileReference; lastKnownFileType = sourcecode.swift; path = AppDelegate.swift; sourceTree = "<group>"; };
		7520936126633C1F00062982 /* SceneDelegate.swift */ = {isa = PBXFileReference; lastKnownFileType = sourcecode.swift; path = SceneDelegate.swift; sourceTree = "<group>"; };
		7520936326633C1F00062982 /* iniciarSesionViewController.swift */ = {isa = PBXFileReference; lastKnownFileType = sourcecode.swift; path = iniciarSesionViewController.swift; sourceTree = "<group>"; };
		7520936626633C2000062982 /* Base */ = {isa = PBXFileReference; lastKnownFileType = file.storyboard; name = Base; path = Base.lproj/Main.storyboard; sourceTree = "<group>"; };
		7520936926633C2000062982 /* Snapchat.xcdatamodel */ = {isa = PBXFileReference; lastKnownFileType = wrapper.xcdatamodel; path = Snapchat.xcdatamodel; sourceTree = "<group>"; };
		7520936B26633C2E00062982 /* Assets.xcassets */ = {isa = PBXFileReference; lastKnownFileType = folder.assetcatalog; path = Assets.xcassets; sourceTree = "<group>"; };
		7520936E26633C2E00062982 /* Base */ = {isa = PBXFileReference; lastKnownFileType = file.storyboard; name = Base; path = Base.lproj/LaunchScreen.storyboard; sourceTree = "<group>"; };
		7520937026633C2E00062982 /* Info.plist */ = {isa = PBXFileReference; lastKnownFileType = text.plist.xml; path = Info.plist; sourceTree = "<group>"; };
		BDC6A1D8DFA93414A9247DF4 /* Pods-Snapchat.debug.xcconfig */ = {isa = PBXFileReference; includeInIndex = 1; lastKnownFileType = text.xcconfig; name = "Pods-Snapchat.debug.xcconfig"; path = "Target Support Files/Pods-Snapchat/Pods-Snapchat.debug.xcconfig"; sourceTree = "<group>"; };
		C531941AA19FB8E8DE61D49A /* Pods_Snapchat.framework */ = {isa = PBXFileReference; explicitFileType = wrapper.framework; includeInIndex = 0; path = Pods_Snapchat.framework; sourceTree = BUILT_PRODUCTS_DIR; };
/* End PBXFileReference section */

/* Begin PBXFrameworksBuildPhase section */
		7520935926633C1F00062982 /* Frameworks */ = {
			isa = PBXFrameworksBuildPhase;
			buildActionMask = 2147483647;
			files = (
				FC5BAE470B939104099CF448 /* Pods_Snapchat.framework in Frameworks */,
			);
			runOnlyForDeploymentPostprocessing = 0;
		};
/* End PBXFrameworksBuildPhase section */

/* Begin PBXGroup section */
		08B726CD8BBFB2148F41E6E0 /* Pods */ = {
			isa = PBXGroup;
			children = (
				BDC6A1D8DFA93414A9247DF4 /* Pods-Snapchat.debug.xcconfig */,
				4EE049A7CF47002DBFBB6F65 /* Pods-Snapchat.release.xcconfig */,
			);
			path = Pods;
			sourceTree = "<group>";
		};
		49F99A85266EABF700FAD52A /* ViewControllers */ = {
			isa = PBXGroup;
			children = (
				7520936326633C1F00062982 /* iniciarSesionViewController.swift */,
				49C23BA726683C4B006A368A /* SnapsViewController.swift */,
				49EAF962266DBACA00B7D582 /* ElegirUsuarioViewController.swift */,
				49C23BA926684D4F006A368A /* ImagenViewController.swift */,
				49D70BA7266FC91B009CAA8C /* registroUsuarioViewController.swift */,
				497BEF0826768135002046A9 /* VerSnapViewController.swift */,
			);
			path = ViewControllers;
			sourceTree = "<group>";
		};
		49F99A86266EAFD800FAD52A /* Modelos */ = {
			isa = PBXGroup;
			children = (
				49F99A87266EB00B00FAD52A /* Usuario.swift */,
				497BEF06267674B8002046A9 /* Snap.swift */,
			);
			path = Modelos;
			sourceTree = "<group>";
		};
		7520935326633C1F00062982 = {
			isa = PBXGroup;
			children = (
				7520935E26633C1F00062982 /* Snapchat */,
				7520935D26633C1F00062982 /* Products */,
				08B726CD8BBFB2148F41E6E0 /* Pods */,
				FF4F72107194C5B9C63CD284 /* Frameworks */,
			);
			sourceTree = "<group>";
		};
		7520935D26633C1F00062982 /* Products */ = {
			isa = PBXGroup;
			children = (
				7520935C26633C1F00062982 /* Snapchat.app */,
			);
			name = Products;
			sourceTree = "<group>";
		};
		7520935E26633C1F00062982 /* Snapchat */ = {
			isa = PBXGroup;
			children = (
				49F99A86266EAFD800FAD52A /* Modelos */,
				49F99A85266EABF700FAD52A /* ViewControllers */,
				49C23BA626683951006A368A /* Snapchat.entitlements */,
				49C23BA526683940006A368A /* SnapchatDebug.entitlements */,
				750251E3266440B60005EB5F /* GoogleService-Info.plist */,
				7520935F26633C1F00062982 /* AppDelegate.swift */,
				7520936126633C1F00062982 /* SceneDelegate.swift */,
				7520936526633C2000062982 /* Main.storyboard */,
				7520936B26633C2E00062982 /* Assets.xcassets */,
				7520936D26633C2E00062982 /* LaunchScreen.storyboard */,
				7520937026633C2E00062982 /* Info.plist */,
				7520936826633C2000062982 /* Snapchat.xcdatamodeld */,
			);
			path = Snapchat;
			sourceTree = "<group>";
		};
		FF4F72107194C5B9C63CD284 /* Frameworks */ = {
			isa = PBXGroup;
			children = (
				C531941AA19FB8E8DE61D49A /* Pods_Snapchat.framework */,
			);
			name = Frameworks;
			sourceTree = "<group>";
		};
/* End PBXGroup section */

/* Begin PBXNativeTarget section */
		7520935B26633C1F00062982 /* Snapchat */ = {
			isa = PBXNativeTarget;
			buildConfigurationList = 7520937326633C2E00062982 /* Build configuration list for PBXNativeTarget "Snapchat" */;
			buildPhases = (
				32788C50A16D8591578FB7D4 /* [CP] Check Pods Manifest.lock */,
				7520935826633C1F00062982 /* Sources */,
				7520935926633C1F00062982 /* Frameworks */,
				7520935A26633C1F00062982 /* Resources */,
				CD8976189435F57EDCEA2C58 /* [CP] Embed Pods Frameworks */,
				D5916B7CA512AF1BAF4F4489 /* [CP] Copy Pods Resources */,
			);
			buildRules = (
			);
			dependencies = (
			);
			name = Snapchat;
			productName = Snapchat;
			productReference = 7520935C26633C1F00062982 /* Snapchat.app */;
			productType = "com.apple.product-type.application";
		};
/* End PBXNativeTarget section */

/* Begin PBXProject section */
		7520935426633C1F00062982 /* Project object */ = {
			isa = PBXProject;
			attributes = {
				LastSwiftUpdateCheck = 1130;
				LastUpgradeCheck = 1130;
				ORGANIZATIONNAME = "David Alejo Apaza";
				TargetAttributes = {
					7520935B26633C1F00062982 = {
						CreatedOnToolsVersion = 11.3.1;
					};
				};
			};
			buildConfigurationList = 7520935726633C1F00062982 /* Build configuration list for PBXProject "Snapchat" */;
			compatibilityVersion = "Xcode 9.3";
			developmentRegion = en;
			hasScannedForEncodings = 0;
			knownRegions = (
				en,
				Base,
			);
			mainGroup = 7520935326633C1F00062982;
			productRefGroup = 7520935D26633C1F00062982 /* Products */;
			projectDirPath = "";
			projectRoot = "";
			targets = (
				7520935B26633C1F00062982 /* Snapchat */,
			);
		};
/* End PBXProject section */

/* Begin PBXResourcesBuildPhase section */
		7520935A26633C1F00062982 /* Resources */ = {
			isa = PBXResourcesBuildPhase;
			buildActionMask = 2147483647;
			files = (
				7520936F26633C2E00062982 /* LaunchScreen.storyboard in Resources */,
				750251E4266440B60005EB5F /* GoogleService-Info.plist in Resources */,
				7520936C26633C2E00062982 /* Assets.xcassets in Resources */,
				7520936726633C2000062982 /* Main.storyboard in Resources */,
			);
			runOnlyForDeploymentPostprocessing = 0;
		};
/* End PBXResourcesBuildPhase section */

/* Begin PBXShellScriptBuildPhase section */
		32788C50A16D8591578FB7D4 /* [CP] Check Pods Manifest.lock */ = {
			isa = PBXShellScriptBuildPhase;
			buildActionMask = 2147483647;
			files = (
			);
			inputFileListPaths = (
			);
			inputPaths = (
				"${PODS_PODFILE_DIR_PATH}/Podfile.lock",
				"${PODS_ROOT}/Manifest.lock",
			);
			name = "[CP] Check Pods Manifest.lock";
			outputFileListPaths = (
			);
			outputPaths = (
				"$(DERIVED_FILE_DIR)/Pods-Snapchat-checkManifestLockResult.txt",
			);
			runOnlyForDeploymentPostprocessing = 0;
			shellPath = /bin/sh;
			shellScript = "diff \"${PODS_PODFILE_DIR_PATH}/Podfile.lock\" \"${PODS_ROOT}/Manifest.lock\" > /dev/null\nif [ $? != 0 ] ; then\n    # print error to STDERR\n    echo \"error: The sandbox is not in sync with the Podfile.lock. Run 'pod install' or update your CocoaPods installation.\" >&2\n    exit 1\nfi\n# This output is used by Xcode 'outputs' to avoid re-running this script phase.\necho \"SUCCESS\" > \"${SCRIPT_OUTPUT_FILE_0}\"\n";
			showEnvVarsInLog = 0;
		};
		CD8976189435F57EDCEA2C58 /* [CP] Embed Pods Frameworks */ = {
			isa = PBXShellScriptBuildPhase;
			buildActionMask = 2147483647;
			files = (
			);
			inputFileListPaths = (
				"${PODS_ROOT}/Target Support Files/Pods-Snapchat/Pods-Snapchat-frameworks-${CONFIGURATION}-input-files.xcfilelist",
			);
			name = "[CP] Embed Pods Frameworks";
			outputFileListPaths = (
				"${PODS_ROOT}/Target Support Files/Pods-Snapchat/Pods-Snapchat-frameworks-${CONFIGURATION}-output-files.xcfilelist",
			);
			runOnlyForDeploymentPostprocessing = 0;
			shellPath = /bin/sh;
			shellScript = "\"${PODS_ROOT}/Target Support Files/Pods-Snapchat/Pods-Snapchat-frameworks.sh\"\n";
			showEnvVarsInLog = 0;
		};
		D5916B7CA512AF1BAF4F4489 /* [CP] Copy Pods Resources */ = {
			isa = PBXShellScriptBuildPhase;
			buildActionMask = 2147483647;
			files = (
			);
			inputFileListPaths = (
				"${PODS_ROOT}/Target Support Files/Pods-Snapchat/Pods-Snapchat-resources-${CONFIGURATION}-input-files.xcfilelist",
			);
			name = "[CP] Copy Pods Resources";
			outputFileListPaths = (
				"${PODS_ROOT}/Target Support Files/Pods-Snapchat/Pods-Snapchat-resources-${CONFIGURATION}-output-files.xcfilelist",
			);
			runOnlyForDeploymentPostprocessing = 0;
			shellPath = /bin/sh;
			shellScript = "\"${PODS_ROOT}/Target Support Files/Pods-Snapchat/Pods-Snapchat-resources.sh\"\n";
			showEnvVarsInLog = 0;
		};
/* End PBXShellScriptBuildPhase section */

/* Begin PBXSourcesBuildPhase section */
		7520935826633C1F00062982 /* Sources */ = {
			isa = PBXSourcesBuildPhase;
			buildActionMask = 2147483647;
			files = (
				497BEF0926768135002046A9 /* VerSnapViewController.swift in Sources */,
				49F99A88266EB00B00FAD52A /* Usuario.swift in Sources */,
				497BEF07267674B8002046A9 /* Snap.swift in Sources */,
				49EAF963266DBACA00B7D582 /* ElegirUsuarioViewController.swift in Sources */,
				49C23BA826683C4B006A368A /* SnapsViewController.swift in Sources */,
				49D70BA8266FC91B009CAA8C /* registroUsuarioViewController.swift in Sources */,
				7520936426633C1F00062982 /* iniciarSesionViewController.swift in Sources */,
				7520936026633C1F00062982 /* AppDelegate.swift in Sources */,
				49C23BAA26684D4F006A368A /* ImagenViewController.swift in Sources */,
				7520936226633C1F00062982 /* SceneDelegate.swift in Sources */,
				7520936A26633C2000062982 /* Snapchat.xcdatamodeld in Sources */,
			);
			runOnlyForDeploymentPostprocessing = 0;
		};
/* End PBXSourcesBuildPhase section */

/* Begin PBXVariantGroup section */
		7520936526633C2000062982 /* Main.storyboard */ = {
			isa = PBXVariantGroup;
			children = (
				7520936626633C2000062982 /* Base */,
			);
			name = Main.storyboard;
			sourceTree = "<group>";
		};
		7520936D26633C2E00062982 /* LaunchScreen.storyboard */ = {
			isa = PBXVariantGroup;
			children = (
				7520936E26633C2E00062982 /* Base */,
			);
			name = LaunchScreen.storyboard;
			sourceTree = "<group>";
		};
/* End PBXVariantGroup section */

/* Begin XCBuildConfiguration section */
		7520937126633C2E00062982 /* Debug */ = {
			isa = XCBuildConfiguration;
			buildSettings = {
				ALWAYS_SEARCH_USER_PATHS = NO;
				CLANG_ANALYZER_NONNULL = YES;
				CLANG_ANALYZER_NUMBER_OBJECT_CONVERSION = YES_AGGRESSIVE;
				CLANG_CXX_LANGUAGE_STANDARD = "gnu++14";
				CLANG_CXX_LIBRARY = "libc++";
				CLANG_ENABLE_MODULES = YES;
				CLANG_ENABLE_OBJC_ARC = YES;
				CLANG_ENABLE_OBJC_WEAK = YES;
				CLANG_WARN_BLOCK_CAPTURE_AUTORELEASING = YES;
				CLANG_WARN_BOOL_CONVERSION = YES;
				CLANG_WARN_COMMA = YES;
				CLANG_WARN_CONSTANT_CONVERSION = YES;
				CLANG_WARN_DEPRECATED_OBJC_IMPLEMENTATIONS = YES;
				CLANG_WARN_DIRECT_OBJC_ISA_USAGE = YES_ERROR;
				CLANG_WARN_DOCUMENTATION_COMMENTS = YES;
				CLANG_WARN_EMPTY_BODY = YES;
				CLANG_WARN_ENUM_CONVERSION = YES;
				CLANG_WARN_INFINITE_RECURSION = YES;
				CLANG_WARN_INT_CONVERSION = YES;
				CLANG_WARN_NON_LITERAL_NULL_CONVERSION = YES;
				CLANG_WARN_OBJC_IMPLICIT_RETAIN_SELF = YES;
				CLANG_WARN_OBJC_LITERAL_CONVERSION = YES;
				CLANG_WARN_OBJC_ROOT_CLASS = YES_ERROR;
				CLANG_WARN_RANGE_LOOP_ANALYSIS = YES;
				CLANG_WARN_STRICT_PROTOTYPES = YES;
				CLANG_WARN_SUSPICIOUS_MOVE = YES;
				CLANG_WARN_UNGUARDED_AVAILABILITY = YES_AGGRESSIVE;
				CLANG_WARN_UNREACHABLE_CODE = YES;
				CLANG_WARN__DUPLICATE_METHOD_MATCH = YES;
				COPY_PHASE_STRIP = NO;
				DEBUG_INFORMATION_FORMAT = dwarf;
				ENABLE_STRICT_OBJC_MSGSEND = YES;
				ENABLE_TESTABILITY = YES;
				GCC_C_LANGUAGE_STANDARD = gnu11;
				GCC_DYNAMIC_NO_PIC = NO;
				GCC_NO_COMMON_BLOCKS = YES;
				GCC_OPTIMIZATION_LEVEL = 0;
				GCC_PREPROCESSOR_DEFINITIONS = (
					"DEBUG=1",
					"$(inherited)",
				);
				GCC_WARN_64_TO_32_BIT_CONVERSION = YES;
				GCC_WARN_ABOUT_RETURN_TYPE = YES_ERROR;
				GCC_WARN_UNDECLARED_SELECTOR = YES;
				GCC_WARN_UNINITIALIZED_AUTOS = YES_AGGRESSIVE;
				GCC_WARN_UNUSED_FUNCTION = YES;
				GCC_WARN_UNUSED_VARIABLE = YES;
				IPHONEOS_DEPLOYMENT_TARGET = 13.2;
				MTL_ENABLE_DEBUG_INFO = INCLUDE_SOURCE;
				MTL_FAST_MATH = YES;
				ONLY_ACTIVE_ARCH = YES;
				SDKROOT = iphoneos;
				SWIFT_ACTIVE_COMPILATION_CONDITIONS = DEBUG;
				SWIFT_OPTIMIZATION_LEVEL = "-Onone";
			};
			name = Debug;
		};
		7520937226633C2E00062982 /* Release */ = {
			isa = XCBuildConfiguration;
			buildSettings = {
				ALWAYS_SEARCH_USER_PATHS = NO;
				CLANG_ANALYZER_NONNULL = YES;
				CLANG_ANALYZER_NUMBER_OBJECT_CONVERSION = YES_AGGRESSIVE;
				CLANG_CXX_LANGUAGE_STANDARD = "gnu++14";
				CLANG_CXX_LIBRARY = "libc++";
				CLANG_ENABLE_MODULES = YES;
				CLANG_ENABLE_OBJC_ARC = YES;
				CLANG_ENABLE_OBJC_WEAK = YES;
				CLANG_WARN_BLOCK_CAPTURE_AUTORELEASING = YES;
				CLANG_WARN_BOOL_CONVERSION = YES;
				CLANG_WARN_COMMA = YES;
				CLANG_WARN_CONSTANT_CONVERSION = YES;
				CLANG_WARN_DEPRECATED_OBJC_IMPLEMENTATIONS = YES;
				CLANG_WARN_DIRECT_OBJC_ISA_USAGE = YES_ERROR;
				CLANG_WARN_DOCUMENTATION_COMMENTS = YES;
				CLANG_WARN_EMPTY_BODY = YES;
				CLANG_WARN_ENUM_CONVERSION = YES;
				CLANG_WARN_INFINITE_RECURSION = YES;
				CLANG_WARN_INT_CONVERSION = YES;
				CLANG_WARN_NON_LITERAL_NULL_CONVERSION = YES;
				CLANG_WARN_OBJC_IMPLICIT_RETAIN_SELF = YES;
				CLANG_WARN_OBJC_LITERAL_CONVERSION = YES;
				CLANG_WARN_OBJC_ROOT_CLASS = YES_ERROR;
				CLANG_WARN_RANGE_LOOP_ANALYSIS = YES;
				CLANG_WARN_STRICT_PROTOTYPES = YES;
				CLANG_WARN_SUSPICIOUS_MOVE = YES;
				CLANG_WARN_UNGUARDED_AVAILABILITY = YES_AGGRESSIVE;
				CLANG_WARN_UNREACHABLE_CODE = YES;
				CLANG_WARN__DUPLICATE_METHOD_MATCH = YES;
				COPY_PHASE_STRIP = NO;
				DEBUG_INFORMATION_FORMAT = "dwarf-with-dsym";
				ENABLE_NS_ASSERTIONS = NO;
				ENABLE_STRICT_OBJC_MSGSEND = YES;
				GCC_C_LANGUAGE_STANDARD = gnu11;
				GCC_NO_COMMON_BLOCKS = YES;
				GCC_WARN_64_TO_32_BIT_CONVERSION = YES;
				GCC_WARN_ABOUT_RETURN_TYPE = YES_ERROR;
				GCC_WARN_UNDECLARED_SELECTOR = YES;
				GCC_WARN_UNINITIALIZED_AUTOS = YES_AGGRESSIVE;
				GCC_WARN_UNUSED_FUNCTION = YES;
				GCC_WARN_UNUSED_VARIABLE = YES;
				IPHONEOS_DEPLOYMENT_TARGET = 13.2;
				MTL_ENABLE_DEBUG_INFO = NO;
				MTL_FAST_MATH = YES;
				SDKROOT = iphoneos;
				SWIFT_COMPILATION_MODE = wholemodule;
				SWIFT_OPTIMIZATION_LEVEL = "-O";
				VALIDATE_PRODUCT = YES;
			};
			name = Release;
		};
		7520937426633C2E00062982 /* Debug */ = {
			isa = XCBuildConfiguration;
			baseConfigurationReference = BDC6A1D8DFA93414A9247DF4 /* Pods-Snapchat.debug.xcconfig */;
			buildSettings = {
				ASSETCATALOG_COMPILER_APPICON_NAME = AppIcon;
				CODE_SIGN_ENTITLEMENTS = Snapchat/SnapchatDebug.entitlements;
				CODE_SIGN_STYLE = Automatic;
				INFOPLIST_FILE = Snapchat/Info.plist;
				LD_RUNPATH_SEARCH_PATHS = (
					"$(inherited)",
					"@executable_path/Frameworks",
				);
				PRODUCT_BUNDLE_IDENTIFIER = com.David.Snapchat;
				PRODUCT_NAME = "$(TARGET_NAME)";
				SWIFT_VERSION = 5.0;
				TARGETED_DEVICE_FAMILY = "1,2";
			};
			name = Debug;
		};
		7520937526633C2E00062982 /* Release */ = {
			isa = XCBuildConfiguration;
			baseConfigurationReference = 4EE049A7CF47002DBFBB6F65 /* Pods-Snapchat.release.xcconfig */;
			buildSettings = {
				ASSETCATALOG_COMPILER_APPICON_NAME = AppIcon;
				CODE_SIGN_ENTITLEMENTS = Snapchat/Snapchat.entitlements;
				CODE_SIGN_STYLE = Automatic;
				INFOPLIST_FILE = Snapchat/Info.plist;
				LD_RUNPATH_SEARCH_PATHS = (
					"$(inherited)",
					"@executable_path/Frameworks",
				);
				PRODUCT_BUNDLE_IDENTIFIER = com.David.Snapchat;
				PRODUCT_NAME = "$(TARGET_NAME)";
				SWIFT_VERSION = 5.0;
				TARGETED_DEVICE_FAMILY = "1,2";
			};
			name = Release;
		};
/* End XCBuildConfiguration section */

/* Begin XCConfigurationList section */
		7520935726633C1F00062982 /* Build configuration list for PBXProject "Snapchat" */ = {
			isa = XCConfigurationList;
			buildConfigurations = (
				7520937126633C2E00062982 /* Debug */,
				7520937226633C2E00062982 /* Release */,
			);
			defaultConfigurationIsVisible = 0;
			defaultConfigurationName = Release;
		};
		7520937326633C2E00062982 /* Build configuration list for PBXNativeTarget "Snapchat" */ = {
			isa = XCConfigurationList;
			buildConfigurations = (
				7520937426633C2E00062982 /* Debug */,
				7520937526633C2E00062982 /* Release */,
			);
			defaultConfigurationIsVisible = 0;
			defaultConfigurationName = Release;
		};
/* End XCConfigurationList section */

/* Begin XCVersionGroup section */
		7520936826633C2000062982 /* Snapchat.xcdatamodeld */ = {
			isa = XCVersionGroup;
			children = (
				7520936926633C2000062982 /* Snapchat.xcdatamodel */,
			);
			currentVersion = 7520936926633C2000062982 /* Snapchat.xcdatamodel */;
			path = Snapchat.xcdatamodeld;
			sourceTree = "<group>";
			versionGroupType = wrapper.xcdatamodel;
		};
/* End XCVersionGroup section */
	};
	rootObject = 7520935426633C1F00062982 /* Project object */;
}
